
Microsoft Visual Studio Solution File, Format Version 12.00
# Visual Studio Version 17
VisualStudioVersion = 17.10.35013.160
MinimumVisualStudioVersion = 10.0.40219.1
Project("{FAE04EC0-301F-11D3-BF4B-00C04F79EFBC}") = "C#-Task4", "C#-Task4\C#-Task4.csproj", "{06DE806D-ED24-42C9-B1F1-3AB39B9E1FE9}"
EndProject
Global
	GlobalSection(SolutionConfigurationPlatforms) = preSolution
		Debug|Any CPU = Debug|Any CPU
		Release|Any CPU = Release|Any CPU
	EndGlobalSection
	GlobalSection(ProjectConfigurationPlatforms) = postSolution
		{06DE806D-ED24-42C9-B1F1-3AB39B9E1FE9}.Debug|Any CPU.ActiveCfg = Debug|Any CPU
		{06DE806D-ED24-42C9-B1F1-3AB39B9E1FE9}.Debug|Any CPU.Build.0 = Debug|Any CPU
		{06DE806D-ED24-42C9-B1F1-3AB39B9E1FE9}.Release|Any CPU.ActiveCfg = Release|Any CPU
		{06DE806D-ED24-42C9-B1F1-3AB39B9E1FE9}.Release|Any CPU.Build.0 = Release|Any CPU
	EndGlobalSection
	GlobalSection(SolutionProperties) = preSolution
		HideSolutionNode = FALSE
	EndGlobalSection
	GlobalSection(ExtensibilityGlobals) = postSolution
		SolutionGuid = {BEFBC276-4957-4542-B9CC-41BD75E2458B}
	EndGlobalSection
EndGlobal
