
Microsoft Visual Studio Solution File, Format Version 12.00
# Visual Studio Version 17
VisualStudioVersion = 17.10.35013.160
MinimumVisualStudioVersion = 10.0.40219.1
Project("{FAE04EC0-301F-11D3-BF4B-00C04F79EFBC}") = "C# Task3", "C# Task3\C# Task3.csproj", "{439509CC-631E-483C-8F3F-38101A5A3E14}"
EndProject
Global
	GlobalSection(SolutionConfigurationPlatforms) = preSolution
		Debug|Any CPU = Debug|Any CPU
		Release|Any CPU = Release|Any CPU
	EndGlobalSection
	GlobalSection(ProjectConfigurationPlatforms) = postSolution
		{439509CC-631E-483C-8F3F-38101A5A3E14}.Debug|Any CPU.ActiveCfg = Debug|Any CPU
		{439509CC-631E-483C-8F3F-38101A5A3E14}.Debug|Any CPU.Build.0 = Debug|Any CPU
		{439509CC-631E-483C-8F3F-38101A5A3E14}.Release|Any CPU.ActiveCfg = Release|Any CPU
		{439509CC-631E-483C-8F3F-38101A5A3E14}.Release|Any CPU.Build.0 = Release|Any CPU
	EndGlobalSection
	GlobalSection(SolutionProperties) = preSolution
		HideSolutionNode = FALSE
	EndGlobalSection
	GlobalSection(ExtensibilityGlobals) = postSolution
		SolutionGuid = {5DF44FA1-E8F5-490B-BDA5-B04F4E41EC58}
	EndGlobalSection
EndGlobal
